// !$*UTF8*$!
{
	archiveVersion = 1;
	classes = {
	};
	objectVersion = 46;
	objects = {

/* Begin PBXBuildFile section */
		95263DCE1EED50D3005815DC /* AppDelegate.swift in Sources */ = {isa = PBXBuildFile; fileRef = 95263DCD1EED50D3005815DC /* AppDelegate.swift */; };
		95263DD01EED50D3005815DC /* ChatViewController.swift in Sources */ = {isa = PBXBuildFile; fileRef = 95263DCF1EED50D3005815DC /* ChatViewController.swift */; };
		95263DD51EED50D3005815DC /* Assets.xcassets in Resources */ = {isa = PBXBuildFile; fileRef = 95263DD41EED50D3005815DC /* Assets.xcassets */; };
		95263DD81EED50D3005815DC /* LaunchScreen.storyboard in Resources */ = {isa = PBXBuildFile; fileRef = 95263DD61EED50D3005815DC /* LaunchScreen.storyboard */; };
		95263DE11EED5119005815DC /* Channel.swift in Sources */ = {isa = PBXBuildFile; fileRef = 95263DE01EED5119005815DC /* Channel.swift */; };
		95263DE41EED5197005815DC /* PrototypeCell.swift in Sources */ = {isa = PBXBuildFile; fileRef = 95263DE31EED5197005815DC /* PrototypeCell.swift */; };
		95263DE61EED5497005815DC /* Key.swift in Sources */ = {isa = PBXBuildFile; fileRef = 95263DE51EED5497005815DC /* Key.swift */; };
		95263DE91EED5720005815DC /* chat.json in Resources */ = {isa = PBXBuildFile; fileRef = 95263DE81EED5720005815DC /* chat.json */; };
		95263DEB1EED5729005815DC /* messages.json in Resources */ = {isa = PBXBuildFile; fileRef = 95263DEA1EED5729005815DC /* messages.json */; };
		95E7AE431EEDA5CE00AF386B /* Main.storyboard in Resources */ = {isa = PBXBuildFile; fileRef = 95E7AE421EEDA5CE00AF386B /* Main.storyboard */; };
		95E7AE531EEDD9E600AF386B /* Message.swift in Sources */ = {isa = PBXBuildFile; fileRef = 95E7AE521EEDD9E600AF386B /* Message.swift */; };
		95E7AE551EEDE00000AF386B /* MessengerViewController.swift in Sources */ = {isa = PBXBuildFile; fileRef = 95E7AE541EEDE00000AF386B /* MessengerViewController.swift */; };
		95E7AE5E1EEE85B700AF386B /* Contact.swift in Sources */ = {isa = PBXBuildFile; fileRef = 95E7AE5C1EEE85B700AF386B /* Contact.swift */; };
		95E7AE611EEE85CF00AF386B /* Constants.swift in Sources */ = {isa = PBXBuildFile; fileRef = 95E7AE601EEE85CF00AF386B /* Constants.swift */; };
		95E7AE631EEEAFE000AF386B /* GoogleService-Info.plist in Resources */ = {isa = PBXBuildFile; fileRef = 95E7AE621EEEAFE000AF386B /* GoogleService-Info.plist */; };
		CEE3A9BCC58C56AA20DF0CC4 /* Pods_Chat2.framework in Frameworks */ = {isa = PBXBuildFile; fileRef = 45229C955551218B53121B1D /* Pods_Chat2.framework */; };
/* End PBXBuildFile section */

/* Begin PBXFileReference section */
		29E9D421E922144652E6602C /* Pods-Chat2.debug.xcconfig */ = {isa = PBXFileReference; includeInIndex = 1; lastKnownFileType = text.xcconfig; name = "Pods-Chat2.debug.xcconfig"; path = "Pods/Target Support Files/Pods-Chat2/Pods-Chat2.debug.xcconfig"; sourceTree = "<group>"; };
		45229C955551218B53121B1D /* Pods_Chat2.framework */ = {isa = PBXFileReference; explicitFileType = wrapper.framework; includeInIndex = 0; path = Pods_Chat2.framework; sourceTree = BUILT_PRODUCTS_DIR; };
		651C4E86B7BC439E2E2F93A7 /* Pods-Chat2.release.xcconfig */ = {isa = PBXFileReference; includeInIndex = 1; lastKnownFileType = text.xcconfig; name = "Pods-Chat2.release.xcconfig"; path = "Pods/Target Support Files/Pods-Chat2/Pods-Chat2.release.xcconfig"; sourceTree = "<group>"; };
		95263DCA1EED50D3005815DC /* Chat2.app */ = {isa = PBXFileReference; explicitFileType = wrapper.application; includeInIndex = 0; path = Chat2.app; sourceTree = BUILT_PRODUCTS_DIR; };
		95263DCD1EED50D3005815DC /* AppDelegate.swift */ = {isa = PBXFileReference; lastKnownFileType = sourcecode.swift; path = AppDelegate.swift; sourceTree = "<group>"; };
		95263DCF1EED50D3005815DC /* ChatViewController.swift */ = {isa = PBXFileReference; lastKnownFileType = sourcecode.swift; path = ChatViewController.swift; sourceTree = "<group>"; };
		95263DD41EED50D3005815DC /* Assets.xcassets */ = {isa = PBXFileReference; lastKnownFileType = folder.assetcatalog; path = Assets.xcassets; sourceTree = "<group>"; };
		95263DD71EED50D3005815DC /* Base */ = {isa = PBXFileReference; lastKnownFileType = file.storyboard; name = Base; path = Base.lproj/LaunchScreen.storyboard; sourceTree = "<group>"; };
		95263DD91EED50D3005815DC /* Info.plist */ = {isa = PBXFileReference; lastKnownFileType = text.plist.xml; path = Info.plist; sourceTree = "<group>"; };
		95263DE01EED5119005815DC /* Channel.swift */ = {isa = PBXFileReference; fileEncoding = 4; lastKnownFileType = sourcecode.swift; path = Channel.swift; sourceTree = "<group>"; };
		95263DE31EED5197005815DC /* PrototypeCell.swift */ = {isa = PBXFileReference; fileEncoding = 4; lastKnownFileType = sourcecode.swift; path = PrototypeCell.swift; sourceTree = "<group>"; };
		95263DE51EED5497005815DC /* Key.swift */ = {isa = PBXFileReference; fileEncoding = 4; lastKnownFileType = sourcecode.swift; path = Key.swift; sourceTree = "<group>"; };
		95263DE81EED5720005815DC /* chat.json */ = {isa = PBXFileReference; fileEncoding = 4; lastKnownFileType = text.json; path = chat.json; sourceTree = "<group>"; };
		95263DEA1EED5729005815DC /* messages.json */ = {isa = PBXFileReference; fileEncoding = 4; lastKnownFileType = text.json; path = messages.json; sourceTree = "<group>"; };
		95E7AE421EEDA5CE00AF386B /* Main.storyboard */ = {isa = PBXFileReference; fileEncoding = 4; lastKnownFileType = file.storyboard; path = Main.storyboard; sourceTree = "<group>"; };
		95E7AE521EEDD9E600AF386B /* Message.swift */ = {isa = PBXFileReference; fileEncoding = 4; lastKnownFileType = sourcecode.swift; path = Message.swift; sourceTree = "<group>"; };
		95E7AE541EEDE00000AF386B /* MessengerViewController.swift */ = {isa = PBXFileReference; fileEncoding = 4; lastKnownFileType = sourcecode.swift; path = MessengerViewController.swift; sourceTree = "<group>"; };
		95E7AE5C1EEE85B700AF386B /* Contact.swift */ = {isa = PBXFileReference; fileEncoding = 4; lastKnownFileType = sourcecode.swift; path = Contact.swift; sourceTree = "<group>"; };
		95E7AE601EEE85CF00AF386B /* Constants.swift */ = {isa = PBXFileReference; fileEncoding = 4; lastKnownFileType = sourcecode.swift; path = Constants.swift; sourceTree = "<group>"; };
		95E7AE621EEEAFE000AF386B /* GoogleService-Info.plist */ = {isa = PBXFileReference; fileEncoding = 4; lastKnownFileType = text.plist.xml; path = "GoogleService-Info.plist"; sourceTree = "<group>"; };
/* End PBXFileReference section */

/* Begin PBXFrameworksBuildPhase section */
		95263DC71EED50D3005815DC /* Frameworks */ = {
			isa = PBXFrameworksBuildPhase;
			buildActionMask = 2147483647;
			files = (
				CEE3A9BCC58C56AA20DF0CC4 /* Pods_Chat2.framework in Frameworks */,
			);
			runOnlyForDeploymentPostprocessing = 0;
		};
/* End PBXFrameworksBuildPhase section */

/* Begin PBXGroup section */
		4027A5066970B977787D1A3A /* Frameworks */ = {
			isa = PBXGroup;
			children = (
				45229C955551218B53121B1D /* Pods_Chat2.framework */,
			);
			name = Frameworks;
			sourceTree = "<group>";
		};
		95263DC11EED50D2005815DC = {
			isa = PBXGroup;
			children = (
				95263DCC1EED50D3005815DC /* Chat2 */,
				95263DCB1EED50D3005815DC /* Products */,
				FB3E47F79C09412D0A0954D7 /* Pods */,
				4027A5066970B977787D1A3A /* Frameworks */,
			);
			sourceTree = "<group>";
		};
		95263DCB1EED50D3005815DC /* Products */ = {
			isa = PBXGroup;
			children = (
				95263DCA1EED50D3005815DC /* Chat2.app */,
			);
			name = Products;
			sourceTree = "<group>";
		};
		95263DCC1EED50D3005815DC /* Chat2 */ = {
			isa = PBXGroup;
			children = (
				95263DDF1EED5108005815DC /* Model */,
				95263DCD1EED50D3005815DC /* AppDelegate.swift */,
				95263DCF1EED50D3005815DC /* ChatViewController.swift */,
				95E7AE541EEDE00000AF386B /* MessengerViewController.swift */,
				95E7AE421EEDA5CE00AF386B /* Main.storyboard */,
				95263DE71EED56BE005815DC /* Resources */,
				95263DE21EED517E005815DC /* UI */,
				95E7AE621EEEAFE000AF386B /* GoogleService-Info.plist */,
				95263DD41EED50D3005815DC /* Assets.xcassets */,
				95263DD61EED50D3005815DC /* LaunchScreen.storyboard */,
				95263DD91EED50D3005815DC /* Info.plist */,
			);
			path = Chat2;
			sourceTree = "<group>";
		};
		95263DDF1EED5108005815DC /* Model */ = {
			isa = PBXGroup;
			children = (
				95263DE01EED5119005815DC /* Channel.swift */,
				95263DE51EED5497005815DC /* Key.swift */,
				95E7AE521EEDD9E600AF386B /* Message.swift */,
				95E7AE601EEE85CF00AF386B /* Constants.swift */,
				95E7AE5C1EEE85B700AF386B /* Contact.swift */,
			);
			name = Model;
			sourceTree = "<group>";
		};
		95263DE21EED517E005815DC /* UI */ = {
			isa = PBXGroup;
			children = (
				95263DE31EED5197005815DC /* PrototypeCell.swift */,
			);
			name = UI;
			sourceTree = "<group>";
		};
		95263DE71EED56BE005815DC /* Resources */ = {
			isa = PBXGroup;
			children = (
				95263DEA1EED5729005815DC /* messages.json */,
				95263DE81EED5720005815DC /* chat.json */,
			);
			name = Resources;
			sourceTree = "<group>";
		};
		FB3E47F79C09412D0A0954D7 /* Pods */ = {
			isa = PBXGroup;
			children = (
				29E9D421E922144652E6602C /* Pods-Chat2.debug.xcconfig */,
				651C4E86B7BC439E2E2F93A7 /* Pods-Chat2.release.xcconfig */,
			);
			name = Pods;
			sourceTree = "<group>";
		};
/* End PBXGroup section */

/* Begin PBXNativeTarget section */
		95263DC91EED50D3005815DC /* Chat2 */ = {
			isa = PBXNativeTarget;
			buildConfigurationList = 95263DDC1EED50D3005815DC /* Build configuration list for PBXNativeTarget "Chat2" */;
			buildPhases = (
				ED3895EE07D0753FA9EBCB3D /* [CP] Check Pods Manifest.lock */,
				95263DC61EED50D3005815DC /* Sources */,
				95263DC71EED50D3005815DC /* Frameworks */,
				95263DC81EED50D3005815DC /* Resources */,
				56722014DB70FAEE72FE4699 /* [CP] Embed Pods Frameworks */,
				1EBEC00A220BF1AF07F6DBE4 /* [CP] Copy Pods Resources */,
			);
			buildRules = (
			);
			dependencies = (
			);
			name = Chat2;
			productName = Chat2;
			productReference = 95263DCA1EED50D3005815DC /* Chat2.app */;
			productType = "com.apple.product-type.application";
		};
/* End PBXNativeTarget section */

/* Begin PBXProject section */
		95263DC21EED50D2005815DC /* Project object */ = {
			isa = PBXProject;
			attributes = {
				LastSwiftUpdateCheck = 0830;
				LastUpgradeCheck = 0830;
				ORGANIZATIONNAME = Anna;
				TargetAttributes = {
					95263DC91EED50D3005815DC = {
						CreatedOnToolsVersion = 8.3.2;
						DevelopmentTeam = X8E2R8HQQL;
						ProvisioningStyle = Automatic;
					};
				};
			};
			buildConfigurationList = 95263DC51EED50D2005815DC /* Build configuration list for PBXProject "Chat2" */;
			compatibilityVersion = "Xcode 3.2";
			developmentRegion = English;
			hasScannedForEncodings = 0;
			knownRegions = (
				en,
				Base,
			);
			mainGroup = 95263DC11EED50D2005815DC;
			productRefGroup = 95263DCB1EED50D3005815DC /* Products */;
			projectDirPath = "";
			projectRoot = "";
			targets = (
				95263DC91EED50D3005815DC /* Chat2 */,
			);
		};
/* End PBXProject section */

/* Begin PBXResourcesBuildPhase section */
		95263DC81EED50D3005815DC /* Resources */ = {
			isa = PBXResourcesBuildPhase;
			buildActionMask = 2147483647;
			files = (
				95263DD81EED50D3005815DC /* LaunchScreen.storyboard in Resources */,
				95E7AE431EEDA5CE00AF386B /* Main.storyboard in Resources */,
				95263DEB1EED5729005815DC /* messages.json in Resources */,
				95263DE91EED5720005815DC /* chat.json in Resources */,
				95263DD51EED50D3005815DC /* Assets.xcassets in Resources */,
				95E7AE631EEEAFE000AF386B /* GoogleService-Info.plist in Resources */,
			);
			runOnlyForDeploymentPostprocessing = 0;
		};
/* End PBXResourcesBuildPhase section */

/* Begin PBXShellScriptBuildPhase section */
		1EBEC00A220BF1AF07F6DBE4 /* [CP] Copy Pods Resources */ = {
			isa = PBXShellScriptBuildPhase;
			buildActionMask = 2147483647;
			files = (
			);
			inputPaths = (
			);
			name = "[CP] Copy Pods Resources";
			outputPaths = (
			);
			runOnlyForDeploymentPostprocessing = 0;
			shellPath = /bin/sh;
			shellScript = "\"${SRCROOT}/Pods/Target Support Files/Pods-Chat2/Pods-Chat2-resources.sh\"\n";
			showEnvVarsInLog = 0;
		};
		56722014DB70FAEE72FE4699 /* [CP] Embed Pods Frameworks */ = {
			isa = PBXShellScriptBuildPhase;
			buildActionMask = 2147483647;
			files = (
			);
			inputPaths = (
			);
			name = "[CP] Embed Pods Frameworks";
			outputPaths = (
			);
			runOnlyForDeploymentPostprocessing = 0;
			shellPath = /bin/sh;
			shellScript = "\"${SRCROOT}/Pods/Target Support Files/Pods-Chat2/Pods-Chat2-frameworks.sh\"\n";
			showEnvVarsInLog = 0;
		};
		ED3895EE07D0753FA9EBCB3D /* [CP] Check Pods Manifest.lock */ = {
			isa = PBXShellScriptBuildPhase;
			buildActionMask = 2147483647;
			files = (
			);
			inputPaths = (
			);
			name = "[CP] Check Pods Manifest.lock";
			outputPaths = (
			);
			runOnlyForDeploymentPostprocessing = 0;
			shellPath = /bin/sh;
			shellScript = "diff \"${PODS_PODFILE_DIR_PATH}/Podfile.lock\" \"${PODS_ROOT}/Manifest.lock\" > /dev/null\nif [ $? != 0 ] ; then\n    # print error to STDERR\n    echo \"error: The sandbox is not in sync with the Podfile.lock. Run 'pod install' or update your CocoaPods installation.\" >&2\n    exit 1\nfi\n";
			showEnvVarsInLog = 0;
		};
/* End PBXShellScriptBuildPhase section */

/* Begin PBXSourcesBuildPhase section */
		95263DC61EED50D3005815DC /* Sources */ = {
			isa = PBXSourcesBuildPhase;
			buildActionMask = 2147483647;
			files = (
				95263DD01EED50D3005815DC /* ChatViewController.swift in Sources */,
				95E7AE551EEDE00000AF386B /* MessengerViewController.swift in Sources */,
				95263DE61EED5497005815DC /* Key.swift in Sources */,
				95E7AE5E1EEE85B700AF386B /* Contact.swift in Sources */,
				95263DE41EED5197005815DC /* PrototypeCell.swift in Sources */,
				95E7AE531EEDD9E600AF386B /* Message.swift in Sources */,
				95263DE11EED5119005815DC /* Channel.swift in Sources */,
				95263DCE1EED50D3005815DC /* AppDelegate.swift in Sources */,
				95E7AE611EEE85CF00AF386B /* Constants.swift in Sources */,
			);
			runOnlyForDeploymentPostprocessing = 0;
		};
/* End PBXSourcesBuildPhase section */

/* Begin PBXVariantGroup section */
		95263DD61EED50D3005815DC /* LaunchScreen.storyboard */ = {
			isa = PBXVariantGroup;
			children = (
				95263DD71EED50D3005815DC /* Base */,
			);
			name = LaunchScreen.storyboard;
			sourceTree = "<group>";
		};
/* End PBXVariantGroup section */

/* Begin XCBuildConfiguration section */
		95263DDA1EED50D3005815DC /* Debug */ = {
			isa = XCBuildConfiguration;
			buildSettings = {
				ALWAYS_SEARCH_USER_PATHS = NO;
				CLANG_ANALYZER_NONNULL = YES;
				CLANG_ANALYZER_NUMBER_OBJECT_CONVERSION = YES_AGGRESSIVE;
				CLANG_CXX_LANGUAGE_STANDARD = "gnu++0x";
				CLANG_CXX_LIBRARY = "libc++";
				CLANG_ENABLE_MODULES = YES;
				CLANG_ENABLE_OBJC_ARC = YES;
				CLANG_WARN_BOOL_CONVERSION = YES;
				CLANG_WARN_CONSTANT_CONVERSION = YES;
				CLANG_WARN_DIRECT_OBJC_ISA_USAGE = YES_ERROR;
				CLANG_WARN_DOCUMENTATION_COMMENTS = YES;
				CLANG_WARN_EMPTY_BODY = YES;
				CLANG_WARN_ENUM_CONVERSION = YES;
				CLANG_WARN_INFINITE_RECURSION = YES;
				CLANG_WARN_INT_CONVERSION = YES;
				CLANG_WARN_OBJC_ROOT_CLASS = YES_ERROR;
				CLANG_WARN_SUSPICIOUS_MOVE = YES;
				CLANG_WARN_UNREACHABLE_CODE = YES;
				CLANG_WARN__DUPLICATE_METHOD_MATCH = YES;
				"CODE_SIGN_IDENTITY[sdk=iphoneos*]" = "iPhone Developer";
				COPY_PHASE_STRIP = NO;
				DEBUG_INFORMATION_FORMAT = dwarf;
				ENABLE_STRICT_OBJC_MSGSEND = YES;
				ENABLE_TESTABILITY = YES;
				GCC_C_LANGUAGE_STANDARD = gnu99;
				GCC_DYNAMIC_NO_PIC = NO;
				GCC_NO_COMMON_BLOCKS = YES;
				GCC_OPTIMIZATION_LEVEL = 0;
				GCC_PREPROCESSOR_DEFINITIONS = (
					"DEBUG=1",
					"$(inherited)",
				);
				GCC_WARN_64_TO_32_BIT_CONVERSION = YES;
				GCC_WARN_ABOUT_RETURN_TYPE = YES_ERROR;
				GCC_WARN_UNDECLARED_SELECTOR = YES;
				GCC_WARN_UNINITIALIZED_AUTOS = YES_AGGRESSIVE;
				GCC_WARN_UNUSED_FUNCTION = YES;
				GCC_WARN_UNUSED_VARIABLE = YES;
				IPHONEOS_DEPLOYMENT_TARGET = 10.3;
				MTL_ENABLE_DEBUG_INFO = YES;
				ONLY_ACTIVE_ARCH = YES;
				SDKROOT = iphoneos;
				SWIFT_ACTIVE_COMPILATION_CONDITIONS = DEBUG;
				SWIFT_OPTIMIZATION_LEVEL = "-Onone";
				TARGETED_DEVICE_FAMILY = "1,2";
			};
			name = Debug;
		};
		95263DDB1EED50D3005815DC /* Release */ = {
			isa = XCBuildConfiguration;
			buildSettings = {
				ALWAYS_SEARCH_USER_PATHS = NO;
				CLANG_ANALYZER_NONNULL = YES;
				CLANG_ANALYZER_NUMBER_OBJECT_CONVERSION = YES_AGGRESSIVE;
				CLANG_CXX_LANGUAGE_STANDARD = "gnu++0x";
				CLANG_CXX_LIBRARY = "libc++";
				CLANG_ENABLE_MODULES = YES;
				CLANG_ENABLE_OBJC_ARC = YES;
				CLANG_WARN_BOOL_CONVERSION = YES;
				CLANG_WARN_CONSTANT_CONVERSION = YES;
				CLANG_WARN_DIRECT_OBJC_ISA_USAGE = YES_ERROR;
				CLANG_WARN_DOCUMENTATION_COMMENTS = YES;
				CLANG_WARN_EMPTY_BODY = YES;
				CLANG_WARN_ENUM_CONVERSION = YES;
				CLANG_WARN_INFINITE_RECURSION = YES;
				CLANG_WARN_INT_CONVERSION = YES;
				CLANG_WARN_OBJC_ROOT_CLASS = YES_ERROR;
				CLANG_WARN_SUSPICIOUS_MOVE = YES;
				CLANG_WARN_UNREACHABLE_CODE = YES;
				CLANG_WARN__DUPLICATE_METHOD_MATCH = YES;
				"CODE_SIGN_IDENTITY[sdk=iphoneos*]" = "iPhone Developer";
				COPY_PHASE_STRIP = NO;
				DEBUG_INFORMATION_FORMAT = "dwarf-with-dsym";
				ENABLE_NS_ASSERTIONS = NO;
				ENABLE_STRICT_OBJC_MSGSEND = YES;
				GCC_C_LANGUAGE_STANDARD = gnu99;
				GCC_NO_COMMON_BLOCKS = YES;
				GCC_WARN_64_TO_32_BIT_CONVERSION = YES;
				GCC_WARN_ABOUT_RETURN_TYPE = YES_ERROR;
				GCC_WARN_UNDECLARED_SELECTOR = YES;
				GCC_WARN_UNINITIALIZED_AUTOS = YES_AGGRESSIVE;
				GCC_WARN_UNUSED_FUNCTION = YES;
				GCC_WARN_UNUSED_VARIABLE = YES;
				IPHONEOS_DEPLOYMENT_TARGET = 10.3;
				MTL_ENABLE_DEBUG_INFO = NO;
				SDKROOT = iphoneos;
				SWIFT_OPTIMIZATION_LEVEL = "-Owholemodule";
				TARGETED_DEVICE_FAMILY = "1,2";
				VALIDATE_PRODUCT = YES;
			};
			name = Release;
		};
		95263DDD1EED50D3005815DC /* Debug */ = {
			isa = XCBuildConfiguration;
			baseConfigurationReference = 29E9D421E922144652E6602C /* Pods-Chat2.debug.xcconfig */;
			buildSettings = {
				ASSETCATALOG_COMPILER_APPICON_NAME = AppIcon;
				DEVELOPMENT_TEAM = X8E2R8HQQL;
				FRAMEWORK_SEARCH_PATHS = (
					"$(inherited)",
					"$(PROJECT_DIR)/Chat2",
				);
				INFOPLIST_FILE = Chat2/Info.plist;
				LD_RUNPATH_SEARCH_PATHS = "$(inherited) @executable_path/Frameworks";
				PRODUCT_BUNDLE_IDENTIFIER = "A-Lime-Studio.Chat2";
				PRODUCT_NAME = "$(TARGET_NAME)";
				SWIFT_VERSION = 3.0;
			};
			name = Debug;
		};
		95263DDE1EED50D3005815DC /* Release */ = {
			isa = XCBuildConfiguration;
			baseConfigurationReference = 651C4E86B7BC439E2E2F93A7 /* Pods-Chat2.release.xcconfig */;
			buildSettings = {
				ASSETCATALOG_COMPILER_APPICON_NAME = AppIcon;
				DEVELOPMENT_TEAM = X8E2R8HQQL;
				FRAMEWORK_SEARCH_PATHS = (
					"$(inherited)",
					"$(PROJECT_DIR)/Chat2",
				);
				INFOPLIST_FILE = Chat2/Info.plist;
				LD_RUNPATH_SEARCH_PATHS = "$(inherited) @executable_path/Frameworks";
				PRODUCT_BUNDLE_IDENTIFIER = "A-Lime-Studio.Chat2";
				PRODUCT_NAME = "$(TARGET_NAME)";
				SWIFT_VERSION = 3.0;
			};
			name = Release;
		};
/* End XCBuildConfiguration section */

/* Begin XCConfigurationList section */
		95263DC51EED50D2005815DC /* Build configuration list for PBXProject "Chat2" */ = {
			isa = XCConfigurationList;
			buildConfigurations = (
				95263DDA1EED50D3005815DC /* Debug */,
				95263DDB1EED50D3005815DC /* Release */,
			);
			defaultConfigurationIsVisible = 0;
			defaultConfigurationName = Release;
		};
		95263DDC1EED50D3005815DC /* Build configuration list for PBXNativeTarget "Chat2" */ = {
			isa = XCConfigurationList;
			buildConfigurations = (
				95263DDD1EED50D3005815DC /* Debug */,
				95263DDE1EED50D3005815DC /* Release */,
			);
			defaultConfigurationIsVisible = 0;
			defaultConfigurationName = Release;
		};
/* End XCConfigurationList section */
	};
	rootObject = 95263DC21EED50D2005815DC /* Project object */;
}
